// !$*UTF8*$!
{
	archiveVersion = 1;
	classes = {
	};
	objectVersion = 50;
	objects = {

/* Begin PBXBuildFile section */
		04FE13952373B27400EB95A8 /* AppDelegate.swift in Sources */ = {isa = PBXBuildFile; fileRef = 04FE13942373B27400EB95A8 /* AppDelegate.swift */; };
		04FE13972373B27400EB95A8 /* ViewController.swift in Sources */ = {isa = PBXBuildFile; fileRef = 04FE13962373B27400EB95A8 /* ViewController.swift */; };
		04FE139A2373B27400EB95A8 /* Main.storyboard in Resources */ = {isa = PBXBuildFile; fileRef = 04FE13982373B27400EB95A8 /* Main.storyboard */; };
		04FE139C2373B27600EB95A8 /* Assets.xcassets in Resources */ = {isa = PBXBuildFile; fileRef = 04FE139B2373B27600EB95A8 /* Assets.xcassets */; };
		04FE139F2373B27600EB95A8 /* LaunchScreen.storyboard in Resources */ = {isa = PBXBuildFile; fileRef = 04FE139D2373B27600EB95A8 /* LaunchScreen.storyboard */; };
		04FE13AA2373B27700EB95A8 /* YZMerchantTests.swift in Sources */ = {isa = PBXBuildFile; fileRef = 04FE13A92373B27700EB95A8 /* YZMerchantTests.swift */; };
/* End PBXBuildFile section */

/* Begin PBXContainerItemProxy section */
		04FE13A62373B27700EB95A8 /* PBXContainerItemProxy */ = {
			isa = PBXContainerItemProxy;
			containerPortal = 04FE13892373B27400EB95A8 /* Project object */;
			proxyType = 1;
			remoteGlobalIDString = 04FE13902373B27400EB95A8;
			remoteInfo = YZMerchant;
		};
/* End PBXContainerItemProxy section */

/* Begin PBXFileReference section */
		04FE13912373B27400EB95A8 /* YZMerchant.app */ = {isa = PBXFileReference; explicitFileType = wrapper.application; includeInIndex = 0; path = YZMerchant.app; sourceTree = BUILT_PRODUCTS_DIR; };
		04FE13942373B27400EB95A8 /* AppDelegate.swift */ = {isa = PBXFileReference; lastKnownFileType = sourcecode.swift; path = AppDelegate.swift; sourceTree = "<group>"; };
		04FE13962373B27400EB95A8 /* ViewController.swift */ = {isa = PBXFileReference; lastKnownFileType = sourcecode.swift; path = ViewController.swift; sourceTree = "<group>"; };
		04FE13992373B27400EB95A8 /* Base */ = {isa = PBXFileReference; lastKnownFileType = file.storyboard; name = Base; path = Base.lproj/Main.storyboard; sourceTree = "<group>"; };
		04FE139B2373B27600EB95A8 /* Assets.xcassets */ = {isa = PBXFileReference; lastKnownFileType = folder.assetcatalog; path = Assets.xcassets; sourceTree = "<group>"; };
		04FE139E2373B27600EB95A8 /* Base */ = {isa = PBXFileReference; lastKnownFileType = file.storyboard; name = Base; path = Base.lproj/LaunchScreen.storyboard; sourceTree = "<group>"; };
		04FE13A02373B27600EB95A8 /* Info.plist */ = {isa = PBXFileReference; lastKnownFileType = text.plist.xml; path = Info.plist; sourceTree = "<group>"; };
		04FE13A52373B27700EB95A8 /* YZMerchantTests.xctest */ = {isa = PBXFileReference; explicitFileType = wrapper.cfbundle; includeInIndex = 0; path = YZMerchantTests.xctest; sourceTree = BUILT_PRODUCTS_DIR; };
		04FE13A92373B27700EB95A8 /* YZMerchantTests.swift */ = {isa = PBXFileReference; lastKnownFileType = sourcecode.swift; path = YZMerchantTests.swift; sourceTree = "<group>"; };
		04FE13AB2373B27700EB95A8 /* Info.plist */ = {isa = PBXFileReference; lastKnownFileType = text.plist.xml; path = Info.plist; sourceTree = "<group>"; };
/* End PBXFileReference section */

/* Begin PBXFrameworksBuildPhase section */
		04FE138E2373B27400EB95A8 /* Frameworks */ = {
			isa = PBXFrameworksBuildPhase;
			buildActionMask = 2147483647;
			files = (
			);
			runOnlyForDeploymentPostprocessing = 0;
		};
		04FE13A22373B27700EB95A8 /* Frameworks */ = {
			isa = PBXFrameworksBuildPhase;
			buildActionMask = 2147483647;
			files = (
			);
			runOnlyForDeploymentPostprocessing = 0;
		};
/* End PBXFrameworksBuildPhase section */

/* Begin PBXGroup section */
		04FE13882373B27400EB95A8 = {
			isa = PBXGroup;
			children = (
				04FE13932373B27400EB95A8 /* YZMerchant */,
				04FE13A82373B27700EB95A8 /* YZMerchantTests */,
				04FE13922373B27400EB95A8 /* Products */,
			);
			sourceTree = "<group>";
		};
		04FE13922373B27400EB95A8 /* Products */ = {
			isa = PBXGroup;
			children = (
				04FE13912373B27400EB95A8 /* YZMerchant.app */,
				04FE13A52373B27700EB95A8 /* YZMerchantTests.xctest */,
			);
			name = Products;
			sourceTree = "<group>";
		};
		04FE13932373B27400EB95A8 /* YZMerchant */ = {
			isa = PBXGroup;
			children = (
				04FE13942373B27400EB95A8 /* AppDelegate.swift */,
				04FE13962373B27400EB95A8 /* ViewController.swift */,
				04FE13982373B27400EB95A8 /* Main.storyboard */,
				04FE139B2373B27600EB95A8 /* Assets.xcassets */,
				04FE139D2373B27600EB95A8 /* LaunchScreen.storyboard */,
				04FE13A02373B27600EB95A8 /* Info.plist */,
			);
			path = YZMerchant;
			sourceTree = "<group>";
		};
		04FE13A82373B27700EB95A8 /* YZMerchantTests */ = {
			isa = PBXGroup;
			children = (
				04FE13A92373B27700EB95A8 /* YZMerchantTests.swift */,
				04FE13AB2373B27700EB95A8 /* Info.plist */,
			);
			path = YZMerchantTests;
			sourceTree = "<group>";
		};
/* End PBXGroup section */

/* Begin PBXNativeTarget section */
		04FE13902373B27400EB95A8 /* YZMerchant */ = {
			isa = PBXNativeTarget;
			buildConfigurationList = 04FE13AE2373B27700EB95A8 /* Build configuration list for PBXNativeTarget "YZMerchant" */;
			buildPhases = (
				04FE138D2373B27400EB95A8 /* Sources */,
				04FE138E2373B27400EB95A8 /* Frameworks */,
				04FE138F2373B27400EB95A8 /* Resources */,
			);
			buildRules = (
			);
			dependencies = (
			);
			name = YZMerchant;
			productName = YZMerchant;
			productReference = 04FE13912373B27400EB95A8 /* YZMerchant.app */;
			productType = "com.apple.product-type.application";
		};
		04FE13A42373B27700EB95A8 /* YZMerchantTests */ = {
			isa = PBXNativeTarget;
			buildConfigurationList = 04FE13B12373B27700EB95A8 /* Build configuration list for PBXNativeTarget "YZMerchantTests" */;
			buildPhases = (
				04FE13A12373B27700EB95A8 /* Sources */,
				04FE13A22373B27700EB95A8 /* Frameworks */,
				04FE13A32373B27700EB95A8 /* Resources */,
			);
			buildRules = (
			);
			dependencies = (
				04FE13A72373B27700EB95A8 /* PBXTargetDependency */,
			);
			name = YZMerchantTests;
			productName = YZMerchantTests;
			productReference = 04FE13A52373B27700EB95A8 /* YZMerchantTests.xctest */;
			productType = "com.apple.product-type.bundle.unit-test";
		};
/* End PBXNativeTarget section */

/* Begin PBXProject section */
		04FE13892373B27400EB95A8 /* Project object */ = {
			isa = PBXProject;
			attributes = {
				LastSwiftUpdateCheck = 1010;
				LastUpgradeCheck = 1010;
				ORGANIZATIONNAME = YZMerchant;
				TargetAttributes = {
					04FE13902373B27400EB95A8 = {
						CreatedOnToolsVersion = 10.1;
					};
					04FE13A42373B27700EB95A8 = {
						CreatedOnToolsVersion = 10.1;
						TestTargetID = 04FE13902373B27400EB95A8;
					};
				};
			};
			buildConfigurationList = 04FE138C2373B27400EB95A8 /* Build configuration list for PBXProject "YZMerchant" */;
			compatibilityVersion = "Xcode 9.3";
			developmentRegion = en;
			hasScannedForEncodings = 0;
			knownRegions = (
				en,
				Base,
			);
			mainGroup = 04FE13882373B27400EB95A8;
			productRefGroup = 04FE13922373B27400EB95A8 /* Products */;
			projectDirPath = "";
			projectRoot = "";
			targets = (
				04FE13902373B27400EB95A8 /* YZMerchant */,
				04FE13A42373B27700EB95A8 /* YZMerchantTests */,
			);
		};
/* End PBXProject section */

/* Begin PBXResourcesBuildPhase section */
		04FE138F2373B27400EB95A8 /* Resources */ = {
			isa = PBXResourcesBuildPhase;
			buildActionMask = 2147483647;
			files = (
				04FE139F2373B27600EB95A8 /* LaunchScreen.storyboard in Resources */,
				04FE139C2373B27600EB95A8 /* Assets.xcassets in Resources */,
				04FE139A2373B27400EB95A8 /* Main.storyboard in Resources */,
			);
			runOnlyForDeploymentPostprocessing = 0;
		};
		04FE13A32373B27700EB95A8 /* Resources */ = {
			isa = PBXResourcesBuildPhase;
			buildActionMask = 2147483647;
			files = (
			);
			runOnlyForDeploymentPostprocessing = 0;
		};
/* End PBXResourcesBuildPhase section */

/* Begin PBXSourcesBuildPhase section */
		04FE138D2373B27400EB95A8 /* Sources */ = {
			isa = PBXSourcesBuildPhase;
			buildActionMask = 2147483647;
			files = (
				04FE13972373B27400EB95A8 /* ViewController.swift in Sources */,
				04FE13952373B27400EB95A8 /* AppDelegate.swift in Sources */,
			);
			runOnlyForDeploymentPostprocessing = 0;
		};
		04FE13A12373B27700EB95A8 /* Sources */ = {
			isa = PBXSourcesBuildPhase;
			buildActionMask = 2147483647;
			files = (
				04FE13AA2373B27700EB95A8 /* YZMerchantTests.swift in Sources */,
			);
			runOnlyForDeploymentPostprocessing = 0;
		};
/* End PBXSourcesBuildPhase section */

/* Begin PBXTargetDependency section */
		04FE13A72373B27700EB95A8 /* PBXTargetDependency */ = {
			isa = PBXTargetDependency;
			target = 04FE13902373B27400EB95A8 /* YZMerchant */;
			targetProxy = 04FE13A62373B27700EB95A8 /* PBXContainerItemProxy */;
		};
/* End PBXTargetDependency section */

/* Begin PBXVariantGroup section */
		04FE13982373B27400EB95A8 /* Main.storyboard */ = {
			isa = PBXVariantGroup;
			children = (
				04FE13992373B27400EB95A8 /* Base */,
			);
			name = Main.storyboard;
			sourceTree = "<group>";
		};
		04FE139D2373B27600EB95A8 /* LaunchScreen.storyboard */ = {
			isa = PBXVariantGroup;
			children = (
				04FE139E2373B27600EB95A8 /* Base */,
			);
			name = LaunchScreen.storyboard;
			sourceTree = "<group>";
		};
/* End PBXVariantGroup section */

/* Begin XCBuildConfiguration section */
		04FE13AC2373B27700EB95A8 /* Debug */ = {
			isa = XCBuildConfiguration;
			buildSettings = {
				ALWAYS_SEARCH_USER_PATHS = NO;
				CLANG_ANALYZER_NONNULL = YES;
				CLANG_ANALYZER_NUMBER_OBJECT_CONVERSION = YES_AGGRESSIVE;
				CLANG_CXX_LANGUAGE_STANDARD = "gnu++14";
				CLANG_CXX_LIBRARY = "libc++";
				CLANG_ENABLE_MODULES = YES;
				CLANG_ENABLE_OBJC_ARC = YES;
				CLANG_ENABLE_OBJC_WEAK = YES;
				CLANG_WARN_BLOCK_CAPTURE_AUTORELEASING = YES;
				CLANG_WARN_BOOL_CONVERSION = YES;
				CLANG_WARN_COMMA = YES;
				CLANG_WARN_CONSTANT_CONVERSION = YES;
				CLANG_WARN_DEPRECATED_OBJC_IMPLEMENTATIONS = YES;
				CLANG_WARN_DIRECT_OBJC_ISA_USAGE = YES_ERROR;
				CLANG_WARN_DOCUMENTATION_COMMENTS = YES;
				CLANG_WARN_EMPTY_BODY = YES;
				CLANG_WARN_ENUM_CONVERSION = YES;
				CLANG_WARN_INFINITE_RECURSION = YES;
				CLANG_WARN_INT_CONVERSION = YES;
				CLANG_WARN_NON_LITERAL_NULL_CONVERSION = YES;
				CLANG_WARN_OBJC_IMPLICIT_RETAIN_SELF = YES;
				CLANG_WARN_OBJC_LITERAL_CONVERSION = YES;
				CLANG_WARN_OBJC_ROOT_CLASS = YES_ERROR;
				CLANG_WARN_RANGE_LOOP_ANALYSIS = YES;
				CLANG_WARN_STRICT_PROTOTYPES = YES;
				CLANG_WARN_SUSPICIOUS_MOVE = YES;
				CLANG_WARN_UNGUARDED_AVAILABILITY = YES_AGGRESSIVE;
				CLANG_WARN_UNREACHABLE_CODE = YES;
				CLANG_WARN__DUPLICATE_METHOD_MATCH = YES;
				CODE_SIGN_IDENTITY = "iPhone Developer";
				COPY_PHASE_STRIP = NO;
				DEBUG_INFORMATION_FORMAT = dwarf;
				ENABLE_STRICT_OBJC_MSGSEND = YES;
				ENABLE_TESTABILITY = YES;
				GCC_C_LANGUAGE_STANDARD = gnu11;
				GCC_DYNAMIC_NO_PIC = NO;
				GCC_NO_COMMON_BLOCKS = YES;
				GCC_OPTIMIZATION_LEVEL = 0;
				GCC_PREPROCESSOR_DEFINITIONS = (
					"DEBUG=1",
					"$(inherited)",
				);
				GCC_WARN_64_TO_32_BIT_CONVERSION = YES;
				GCC_WARN_ABOUT_RETURN_TYPE = YES_ERROR;
				GCC_WARN_UNDECLARED_SELECTOR = YES;
				GCC_WARN_UNINITIALIZED_AUTOS = YES_AGGRESSIVE;
				GCC_WARN_UNUSED_FUNCTION = YES;
				GCC_WARN_UNUSED_VARIABLE = YES;
				IPHONEOS_DEPLOYMENT_TARGET = 12.1;
				MTL_ENABLE_DEBUG_INFO = INCLUDE_SOURCE;
				MTL_FAST_MATH = YES;
				ONLY_ACTIVE_ARCH = YES;
				SDKROOT = iphoneos;
				SWIFT_ACTIVE_COMPILATION_CONDITIONS = DEBUG;
				SWIFT_OPTIMIZATION_LEVEL = "-Onone";
			};
			name = Debug;
		};
		04FE13AD2373B27700EB95A8 /* Release */ = {
			isa = XCBuildConfiguration;
			buildSettings = {
				ALWAYS_SEARCH_USER_PATHS = NO;
				CLANG_ANALYZER_NONNULL = YES;
				CLANG_ANALYZER_NUMBER_OBJECT_CONVERSION = YES_AGGRESSIVE;
				CLANG_CXX_LANGUAGE_STANDARD = "gnu++14";
				CLANG_CXX_LIBRARY = "libc++";
				CLANG_ENABLE_MODULES = YES;
				CLANG_ENABLE_OBJC_ARC = YES;
				CLANG_ENABLE_OBJC_WEAK = YES;
				CLANG_WARN_BLOCK_CAPTURE_AUTORELEASING = YES;
				CLANG_WARN_BOOL_CONVERSION = YES;
				CLANG_WARN_COMMA = YES;
				CLANG_WARN_CONSTANT_CONVERSION = YES;
				CLANG_WARN_DEPRECATED_OBJC_IMPLEMENTATIONS = YES;
				CLANG_WARN_DIRECT_OBJC_ISA_USAGE = YES_ERROR;
				CLANG_WARN_DOCUMENTATION_COMMENTS = YES;
				CLANG_WARN_EMPTY_BODY = YES;
				CLANG_WARN_ENUM_CONVERSION = YES;
				CLANG_WARN_INFINITE_RECURSION = YES;
				CLANG_WARN_INT_CONVERSION = YES;
				CLANG_WARN_NON_LITERAL_NULL_CONVERSION = YES;
				CLANG_WARN_OBJC_IMPLICIT_RETAIN_SELF = YES;
				CLANG_WARN_OBJC_LITERAL_CONVERSION = YES;
				CLANG_WARN_OBJC_ROOT_CLASS = YES_ERROR;
				CLANG_WARN_RANGE_LOOP_ANALYSIS = YES;
				CLANG_WARN_STRICT_PROTOTYPES = YES;
				CLANG_WARN_SUSPICIOUS_MOVE = YES;
				CLANG_WARN_UNGUARDED_AVAILABILITY = YES_AGGRESSIVE;
				CLANG_WARN_UNREACHABLE_CODE = YES;
				CLANG_WARN__DUPLICATE_METHOD_MATCH = YES;
				CODE_SIGN_IDENTITY = "iPhone Developer";
				COPY_PHASE_STRIP = NO;
				DEBUG_INFORMATION_FORMAT = "dwarf-with-dsym";
				ENABLE_NS_ASSERTIONS = NO;
				ENABLE_STRICT_OBJC_MSGSEND = YES;
				GCC_C_LANGUAGE_STANDARD = gnu11;
				GCC_NO_COMMON_BLOCKS = YES;
				GCC_WARN_64_TO_32_BIT_CONVERSION = YES;
				GCC_WARN_ABOUT_RETURN_TYPE = YES_ERROR;
				GCC_WARN_UNDECLARED_SELECTOR = YES;
				GCC_WARN_UNINITIALIZED_AUTOS = YES_AGGRESSIVE;
				GCC_WARN_UNUSED_FUNCTION = YES;
				GCC_WARN_UNUSED_VARIABLE = YES;
				IPHONEOS_DEPLOYMENT_TARGET = 12.1;
				MTL_ENABLE_DEBUG_INFO = NO;
				MTL_FAST_MATH = YES;
				SDKROOT = iphoneos;
				SWIFT_COMPILATION_MODE = wholemodule;
				SWIFT_OPTIMIZATION_LEVEL = "-O";
				VALIDATE_PRODUCT = YES;
			};
			name = Release;
		};
		04FE13AF2373B27700EB95A8 /* Debug */ = {
			isa = XCBuildConfiguration;
			buildSettings = {
				ASSETCATALOG_COMPILER_APPICON_NAME = AppIcon;
				CODE_SIGN_STYLE = Automatic;
				DEVELOPMENT_TEAM = 3M96SGDAK3;
				INFOPLIST_FILE = YZMerchant/Info.plist;
				LD_RUNPATH_SEARCH_PATHS = (
					"$(inherited)",
					"@executable_path/Frameworks",
				);
				PRODUCT_BUNDLE_IDENTIFIER = com.queen.YZMerchant;
				PRODUCT_NAME = "$(TARGET_NAME)";
				SWIFT_VERSION = 4.2;
				TARGETED_DEVICE_FAMILY = "1,2";
			};
			name = Debug;
		};
		04FE13B02373B27700EB95A8 /* Release */ = {
			isa = XCBuildConfiguration;
			buildSettings = {
				ASSETCATALOG_COMPILER_APPICON_NAME = AppIcon;
				CODE_SIGN_STYLE = Automatic;
				DEVELOPMENT_TEAM = 3M96SGDAK3;
				INFOPLIST_FILE = YZMerchant/Info.plist;
				LD_RUNPATH_SEARCH_PATHS = (
					"$(inherited)",
					"@executable_path/Frameworks",
				);
				PRODUCT_BUNDLE_IDENTIFIER = com.queen.YZMerchant;
				PRODUCT_NAME = "$(TARGET_NAME)";
				SWIFT_VERSION = 4.2;
				TARGETED_DEVICE_FAMILY = "1,2";
			};
			name = Release;
		};
		04FE13B22373B27700EB95A8 /* Debug */ = {
			isa = XCBuildConfiguration;
			buildSettings = {
				ALWAYS_EMBED_SWIFT_STANDARD_LIBRARIES = YES;
				BUNDLE_LOADER = "$(TEST_HOST)";
				CODE_SIGN_STYLE = Automatic;
				DEVELOPMENT_TEAM = 3M96SGDAK3;
				INFOPLIST_FILE = YZMerchantTests/Info.plist;
				LD_RUNPATH_SEARCH_PATHS = (
					"$(inherited)",
					"@executable_path/Frameworks",
					"@loader_path/Frameworks",
				);
				PRODUCT_BUNDLE_IDENTIFIER = com.queen.YZMerchantTests;
				PRODUCT_NAME = "$(TARGET_NAME)";
				SWIFT_VERSION = 4.2;
				TARGETED_DEVICE_FAMILY = "1,2";
				TEST_HOST = "$(BUILT_PRODUCTS_DIR)/YZMerchant.app/YZMerchant";
			};
			name = Debug;
		};
		04FE13B32373B27700EB95A8 /* Release */ = {
			isa = XCBuildConfiguration;
			buildSettings = {
				ALWAYS_EMBED_SWIFT_STANDARD_LIBRARIES = YES;
				BUNDLE_LOADER = "$(TEST_HOST)";
				CODE_SIGN_STYLE = Automatic;
				DEVELOPMENT_TEAM = 3M96SGDAK3;
				INFOPLIST_FILE = YZMerchantTests/Info.plist;
				LD_RUNPATH_SEARCH_PATHS = (
					"$(inherited)",
					"@executable_path/Frameworks",
					"@loader_path/Frameworks",
				);
				PRODUCT_BUNDLE_IDENTIFIER = com.queen.YZMerchantTests;
				PRODUCT_NAME = "$(TARGET_NAME)";
				SWIFT_VERSION = 4.2;
				TARGETED_DEVICE_FAMILY = "1,2";
				TEST_HOST = "$(BUILT_PRODUCTS_DIR)/YZMerchant.app/YZMerchant";
			};
			name = Release;
		};
/* End XCBuildConfiguration section */

/* Begin XCConfigurationList section */
		04FE138C2373B27400EB95A8 /* Build configuration list for PBXProject "YZMerchant" */ = {
			isa = XCConfigurationList;
			buildConfigurations = (
				04FE13AC2373B27700EB95A8 /* Debug */,
				04FE13AD2373B27700EB95A8 /* Release */,
			);
			defaultConfigurationIsVisible = 0;
			defaultConfigurationName = Release;
		};
		04FE13AE2373B27700EB95A8 /* Build configuration list for PBXNativeTarget "YZMerchant" */ = {
			isa = XCConfigurationList;
			buildConfigurations = (
				04FE13AF2373B27700EB95A8 /* Debug */,
				04FE13B02373B27700EB95A8 /* Release */,
			);
			defaultConfigurationIsVisible = 0;
			defaultConfigurationName = Release;
		};
		04FE13B12373B27700EB95A8 /* Build configuration list for PBXNativeTarget "YZMerchantTests" */ = {
			isa = XCConfigurationList;
			buildConfigurations = (
				04FE13B22373B27700EB95A8 /* Debug */,
				04FE13B32373B27700EB95A8 /* Release */,
			);
			defaultConfigurationIsVisible = 0;
			defaultConfigurationName = Release;
		};
/* End XCConfigurationList section */
	};
	rootObject = 04FE13892373B27400EB95A8 /* Project object */;
}
